# THIS IS AN AUTOGENERATED FILE. DO NOT EDIT THIS FILE DIRECTLY.
# yarn lockfile v1


asn1@0.2.3:
  version "0.2.3"
  resolved "https://registry.yarnpkg.com/asn1/-/asn1-0.2.3.tgz#dac8787713c9966849fc8180777ebe9c1ddf3b86"

node-rsa@^0.4.2:
  version "0.4.2"
  resolved "https://registry.yarnpkg.com/node-rsa/-/node-rsa-0.4.2.tgz#d6391729ec16a830ed5a38042b3157d2d5d72530"
  dependencies:
    asn1 "0.2.3"
